// !$*UTF8*$!
{
	archiveVersion = 1;
	classes = {
	};
	objectVersion = 56;
	objects = {

/* Begin PBXBuildFile section */
		AC770EE12C0CEB94007297FE /* CategoryHome.swift in Sources */ = {isa = PBXBuildFile; fileRef = AC770EE02C0CEB94007297FE /* CategoryHome.swift */; };
		AC770EE42C0CEEAA007297FE /* CategoryRow.swift in Sources */ = {isa = PBXBuildFile; fileRef = AC770EE32C0CEEAA007297FE /* CategoryRow.swift */; };
		AC770EE62C0CF0B2007297FE /* CategoryItem.swift in Sources */ = {isa = PBXBuildFile; fileRef = AC770EE52C0CF0B2007297FE /* CategoryItem.swift */; };
		AC770EE82C0CF553007297FE /* Profile.swift in Sources */ = {isa = PBXBuildFile; fileRef = AC770EE72C0CF553007297FE /* Profile.swift */; };
		ACB364152C0B89B800E7335C /* LandmarksApp.swift in Sources */ = {isa = PBXBuildFile; fileRef = ACB364142C0B89B800E7335C /* LandmarksApp.swift */; };
		ACB364172C0B89B800E7335C /* ContentView.swift in Sources */ = {isa = PBXBuildFile; fileRef = ACB364162C0B89B800E7335C /* ContentView.swift */; };
		ACB364192C0B89BA00E7335C /* Assets.xcassets in Resources */ = {isa = PBXBuildFile; fileRef = ACB364182C0B89BA00E7335C /* Assets.xcassets */; };
		ACB3641C2C0B89BA00E7335C /* Preview Assets.xcassets in Resources */ = {isa = PBXBuildFile; fileRef = ACB3641B2C0B89BA00E7335C /* Preview Assets.xcassets */; };
		ACB364412C0B90B200E7335C /* CircleImage.swift in Sources */ = {isa = PBXBuildFile; fileRef = ACB364402C0B90B200E7335C /* CircleImage.swift */; };
		ACB364432C0B91FD00E7335C /* MapView.swift in Sources */ = {isa = PBXBuildFile; fileRef = ACB364422C0B91FD00E7335C /* MapView.swift */; };
		ACB364452C0B95EA00E7335C /* landmarkData.json in Resources */ = {isa = PBXBuildFile; fileRef = ACB364442C0B95EA00E7335C /* landmarkData.json */; };
		ACB364492C0B965600E7335C /* Landmark.swift in Sources */ = {isa = PBXBuildFile; fileRef = ACB364482C0B965600E7335C /* Landmark.swift */; };
		ACB3644B2C0B988A00E7335C /* ModelData.swift in Sources */ = {isa = PBXBuildFile; fileRef = ACB3644A2C0B988A00E7335C /* ModelData.swift */; };
		ACB364502C0B9C4700E7335C /* LandmarkRow.swift in Sources */ = {isa = PBXBuildFile; fileRef = ACB3644F2C0B9C4700E7335C /* LandmarkRow.swift */; };
		ACB364522C0B9E5B00E7335C /* LandmarkList.swift in Sources */ = {isa = PBXBuildFile; fileRef = ACB364512C0B9E5B00E7335C /* LandmarkList.swift */; };
		ACB364542C0B9FDA00E7335C /* LandmarkDetail.swift in Sources */ = {isa = PBXBuildFile; fileRef = ACB364532C0B9FDA00E7335C /* LandmarkDetail.swift */; };
		ACB364562C0BB10F00E7335C /* FavoriteButton.swift in Sources */ = {isa = PBXBuildFile; fileRef = ACB364552C0BB10F00E7335C /* FavoriteButton.swift */; };
		ACBD7F6F2C0C7FE400FFE40A /* HexagonParameters.swift in Sources */ = {isa = PBXBuildFile; fileRef = ACBD7F6E2C0C7FE400FFE40A /* HexagonParameters.swift */; };
		ACBD7F712C0C812700FFE40A /* BadgeBackground.swift in Sources */ = {isa = PBXBuildFile; fileRef = ACBD7F702C0C812700FFE40A /* BadgeBackground.swift */; };
		ACBD7F732C0C8F0C00FFE40A /* BadgeSymbol.swift in Sources */ = {isa = PBXBuildFile; fileRef = ACBD7F722C0C8F0C00FFE40A /* BadgeSymbol.swift */; };
		ACBD7F752C0C901200FFE40A /* RotatedBadgeSymbol.swift in Sources */ = {isa = PBXBuildFile; fileRef = ACBD7F742C0C901200FFE40A /* RotatedBadgeSymbol.swift */; };
		ACBD7F772C0C90EC00FFE40A /* Badge.swift in Sources */ = {isa = PBXBuildFile; fileRef = ACBD7F762C0C90EC00FFE40A /* Badge.swift */; };
		ACBD7F7A2C0CB1B300FFE40A /* hikeData.json in Resources */ = {isa = PBXBuildFile; fileRef = ACBD7F792C0CB1B300FFE40A /* hikeData.json */; };
		ACBD7F7C2C0CB1E100FFE40A /* Hike.swift in Sources */ = {isa = PBXBuildFile; fileRef = ACBD7F7B2C0CB1E100FFE40A /* Hike.swift */; };
		ACBD7F822C0CB2F300FFE40A /* GraphCapsule.swift in Sources */ = {isa = PBXBuildFile; fileRef = ACBD7F7D2C0CB2F300FFE40A /* GraphCapsule.swift */; };
		ACBD7F832C0CB2F300FFE40A /* HikeDetail.swift in Sources */ = {isa = PBXBuildFile; fileRef = ACBD7F7E2C0CB2F300FFE40A /* HikeDetail.swift */; };
		ACBD7F842C0CB2F300FFE40A /* HikeGraph.swift in Sources */ = {isa = PBXBuildFile; fileRef = ACBD7F7F2C0CB2F300FFE40A /* HikeGraph.swift */; };
		ACBD7F852C0CB2F300FFE40A /* HikeView.swift in Sources */ = {isa = PBXBuildFile; fileRef = ACBD7F802C0CB2F300FFE40A /* HikeView.swift */; };
/* End PBXBuildFile section */

/* Begin PBXFileReference section */
		AC770EE02C0CEB94007297FE /* CategoryHome.swift */ = {isa = PBXFileReference; lastKnownFileType = sourcecode.swift; path = CategoryHome.swift; sourceTree = "<group>"; };
		AC770EE32C0CEEAA007297FE /* CategoryRow.swift */ = {isa = PBXFileReference; lastKnownFileType = sourcecode.swift; path = CategoryRow.swift; sourceTree = "<group>"; };
		AC770EE52C0CF0B2007297FE /* CategoryItem.swift */ = {isa = PBXFileReference; lastKnownFileType = sourcecode.swift; path = CategoryItem.swift; sourceTree = "<group>"; };
		AC770EE72C0CF553007297FE /* Profile.swift */ = {isa = PBXFileReference; lastKnownFileType = sourcecode.swift; path = Profile.swift; sourceTree = "<group>"; };
		ACB364112C0B89B800E7335C /* Landmarks.app */ = {isa = PBXFileReference; explicitFileType = wrapper.application; includeInIndex = 0; path = Landmarks.app; sourceTree = BUILT_PRODUCTS_DIR; };
		ACB364142C0B89B800E7335C /* LandmarksApp.swift */ = {isa = PBXFileReference; lastKnownFileType = sourcecode.swift; path = LandmarksApp.swift; sourceTree = "<group>"; };
		ACB364162C0B89B800E7335C /* ContentView.swift */ = {isa = PBXFileReference; lastKnownFileType = sourcecode.swift; path = ContentView.swift; sourceTree = "<group>"; };
		ACB364182C0B89BA00E7335C /* Assets.xcassets */ = {isa = PBXFileReference; lastKnownFileType = folder.assetcatalog; path = Assets.xcassets; sourceTree = "<group>"; };
		ACB3641B2C0B89BA00E7335C /* Preview Assets.xcassets */ = {isa = PBXFileReference; lastKnownFileType = folder.assetcatalog; path = "Preview Assets.xcassets"; sourceTree = "<group>"; };
		ACB364402C0B90B200E7335C /* CircleImage.swift */ = {isa = PBXFileReference; lastKnownFileType = sourcecode.swift; path = CircleImage.swift; sourceTree = "<group>"; };
		ACB364422C0B91FD00E7335C /* MapView.swift */ = {isa = PBXFileReference; lastKnownFileType = sourcecode.swift; path = MapView.swift; sourceTree = "<group>"; };
		ACB364442C0B95EA00E7335C /* landmarkData.json */ = {isa = PBXFileReference; fileEncoding = 4; lastKnownFileType = text.json; path = landmarkData.json; sourceTree = "<group>"; };
		ACB364482C0B965600E7335C /* Landmark.swift */ = {isa = PBXFileReference; lastKnownFileType = sourcecode.swift; path = Landmark.swift; sourceTree = "<group>"; };
		ACB3644A2C0B988A00E7335C /* ModelData.swift */ = {isa = PBXFileReference; lastKnownFileType = sourcecode.swift; path = ModelData.swift; sourceTree = "<group>"; };
		ACB3644F2C0B9C4700E7335C /* LandmarkRow.swift */ = {isa = PBXFileReference; lastKnownFileType = sourcecode.swift; path = LandmarkRow.swift; sourceTree = "<group>"; };
		ACB364512C0B9E5B00E7335C /* LandmarkList.swift */ = {isa = PBXFileReference; lastKnownFileType = sourcecode.swift; path = LandmarkList.swift; sourceTree = "<group>"; };
		ACB364532C0B9FDA00E7335C /* LandmarkDetail.swift */ = {isa = PBXFileReference; lastKnownFileType = sourcecode.swift; path = LandmarkDetail.swift; sourceTree = "<group>"; };
		ACB364552C0BB10F00E7335C /* FavoriteButton.swift */ = {isa = PBXFileReference; lastKnownFileType = sourcecode.swift; path = FavoriteButton.swift; sourceTree = "<group>"; };
		ACBD7F6E2C0C7FE400FFE40A /* HexagonParameters.swift */ = {isa = PBXFileReference; lastKnownFileType = sourcecode.swift; path = HexagonParameters.swift; sourceTree = "<group>"; };
		ACBD7F702C0C812700FFE40A /* BadgeBackground.swift */ = {isa = PBXFileReference; lastKnownFileType = sourcecode.swift; path = BadgeBackground.swift; sourceTree = "<group>"; };
		ACBD7F722C0C8F0C00FFE40A /* BadgeSymbol.swift */ = {isa = PBXFileReference; lastKnownFileType = sourcecode.swift; path = BadgeSymbol.swift; sourceTree = "<group>"; };
		ACBD7F742C0C901200FFE40A /* RotatedBadgeSymbol.swift */ = {isa = PBXFileReference; lastKnownFileType = sourcecode.swift; path = RotatedBadgeSymbol.swift; sourceTree = "<group>"; };
		ACBD7F762C0C90EC00FFE40A /* Badge.swift */ = {isa = PBXFileReference; lastKnownFileType = sourcecode.swift; path = Badge.swift; sourceTree = "<group>"; };
		ACBD7F792C0CB1B300FFE40A /* hikeData.json */ = {isa = PBXFileReference; fileEncoding = 4; lastKnownFileType = text.json; path = hikeData.json; sourceTree = "<group>"; };
		ACBD7F7B2C0CB1E100FFE40A /* Hike.swift */ = {isa = PBXFileReference; lastKnownFileType = sourcecode.swift; path = Hike.swift; sourceTree = "<group>"; };
		ACBD7F7D2C0CB2F300FFE40A /* GraphCapsule.swift */ = {isa = PBXFileReference; fileEncoding = 4; lastKnownFileType = sourcecode.swift; path = GraphCapsule.swift; sourceTree = "<group>"; };
		ACBD7F7E2C0CB2F300FFE40A /* HikeDetail.swift */ = {isa = PBXFileReference; fileEncoding = 4; lastKnownFileType = sourcecode.swift; path = HikeDetail.swift; sourceTree = "<group>"; };
		ACBD7F7F2C0CB2F300FFE40A /* HikeGraph.swift */ = {isa = PBXFileReference; fileEncoding = 4; lastKnownFileType = sourcecode.swift; path = HikeGraph.swift; sourceTree = "<group>"; };
		ACBD7F802C0CB2F300FFE40A /* HikeView.swift */ = {isa = PBXFileReference; fileEncoding = 4; lastKnownFileType = sourcecode.swift; path = HikeView.swift; sourceTree = "<group>"; };
/* End PBXFileReference section */

/* Begin PBXFrameworksBuildPhase section */
		ACB3640E2C0B89B800E7335C /* Frameworks */ = {
			isa = PBXFrameworksBuildPhase;
			buildActionMask = 2147483647;
			files = (
			);
			runOnlyForDeploymentPostprocessing = 0;
		};
/* End PBXFrameworksBuildPhase section */

/* Begin PBXGroup section */
		AC770EE22C0CEB99007297FE /* Categories */ = {
			isa = PBXGroup;
			children = (
				AC770EE02C0CEB94007297FE /* CategoryHome.swift */,
				AC770EE32C0CEEAA007297FE /* CategoryRow.swift */,
				AC770EE52C0CF0B2007297FE /* CategoryItem.swift */,
			);
			path = Categories;
			sourceTree = "<group>";
		};
		ACB364082C0B89B800E7335C = {
			isa = PBXGroup;
			children = (
				ACB364132C0B89B800E7335C /* Landmarks */,
				ACB364122C0B89B800E7335C /* Products */,
			);
			sourceTree = "<group>";
		};
		ACB364122C0B89B800E7335C /* Products */ = {
			isa = PBXGroup;
			children = (
				ACB364112C0B89B800E7335C /* Landmarks.app */,
			);
			name = Products;
			sourceTree = "<group>";
		};
		ACB364132C0B89B800E7335C /* Landmarks */ = {
			isa = PBXGroup;
			children = (
				ACB364142C0B89B800E7335C /* LandmarksApp.swift */,
				ACB3644C2C0B9BCE00E7335C /* Views */,
				ACB3644D2C0B9BF600E7335C /* Models */,
				ACB3644E2C0B9C0D00E7335C /* Resources */,
				ACB364182C0B89BA00E7335C /* Assets.xcassets */,
				ACB3641A2C0B89BA00E7335C /* Preview Content */,
			);
			path = Landmarks;
			sourceTree = "<group>";
		};
		ACB3641A2C0B89BA00E7335C /* Preview Content */ = {
			isa = PBXGroup;
			children = (
				ACB3641B2C0B89BA00E7335C /* Preview Assets.xcassets */,
			);
			path = "Preview Content";
			sourceTree = "<group>";
		};
		ACB3644C2C0B9BCE00E7335C /* Views */ = {
			isa = PBXGroup;
			children = (
				ACB364162C0B89B800E7335C /* ContentView.swift */,
				AC770EE22C0CEB99007297FE /* Categories */,
				ACBD7F812C0CB2F300FFE40A /* Hikes */,
				ACB364572C0BB25600E7335C /* Landmarks */,
				ACB364582C0BB26300E7335C /* Helper */,
				ACBD7F782C0C937300FFE40A /* Badges */,
			);
			path = Views;
			sourceTree = "<group>";
		};
		ACB3644D2C0B9BF600E7335C /* Models */ = {
			isa = PBXGroup;
			children = (
				ACB3644A2C0B988A00E7335C /* ModelData.swift */,
				ACB364482C0B965600E7335C /* Landmark.swift */,
				ACBD7F7B2C0CB1E100FFE40A /* Hike.swift */,
				AC770EE72C0CF553007297FE /* Profile.swift */,
			);
			path = Models;
			sourceTree = "<group>";
		};
		ACB3644E2C0B9C0D00E7335C /* Resources */ = {
			isa = PBXGroup;
			children = (
				ACBD7F792C0CB1B300FFE40A /* hikeData.json */,
				ACB364442C0B95EA00E7335C /* landmarkData.json */,
			);
			path = Resources;
			sourceTree = "<group>";
		};
		ACB364572C0BB25600E7335C /* Landmarks */ = {
			isa = PBXGroup;
			children = (
				ACB3644F2C0B9C4700E7335C /* LandmarkRow.swift */,
				ACB364512C0B9E5B00E7335C /* LandmarkList.swift */,
				ACB364532C0B9FDA00E7335C /* LandmarkDetail.swift */,
			);
			path = Landmarks;
			sourceTree = "<group>";
		};
		ACB364582C0BB26300E7335C /* Helper */ = {
			isa = PBXGroup;
			children = (
				ACB364402C0B90B200E7335C /* CircleImage.swift */,
				ACB364422C0B91FD00E7335C /* MapView.swift */,
				ACB364552C0BB10F00E7335C /* FavoriteButton.swift */,
			);
			path = Helper;
			sourceTree = "<group>";
		};
		ACBD7F782C0C937300FFE40A /* Badges */ = {
			isa = PBXGroup;
			children = (
				ACBD7F6E2C0C7FE400FFE40A /* HexagonParameters.swift */,
				ACBD7F702C0C812700FFE40A /* BadgeBackground.swift */,
				ACBD7F722C0C8F0C00FFE40A /* BadgeSymbol.swift */,
				ACBD7F742C0C901200FFE40A /* RotatedBadgeSymbol.swift */,
				ACBD7F762C0C90EC00FFE40A /* Badge.swift */,
			);
			path = Badges;
			sourceTree = "<group>";
		};
		ACBD7F812C0CB2F300FFE40A /* Hikes */ = {
			isa = PBXGroup;
			children = (
				ACBD7F7D2C0CB2F300FFE40A /* GraphCapsule.swift */,
				ACBD7F7E2C0CB2F300FFE40A /* HikeDetail.swift */,
				ACBD7F7F2C0CB2F300FFE40A /* HikeGraph.swift */,
				ACBD7F802C0CB2F300FFE40A /* HikeView.swift */,
			);
			path = Hikes;
			sourceTree = "<group>";
		};
/* End PBXGroup section */

/* Begin PBXNativeTarget section */
		ACB364102C0B89B800E7335C /* Landmarks */ = {
			isa = PBXNativeTarget;
			buildConfigurationList = ACB364352C0B89BA00E7335C /* Build configuration list for PBXNativeTarget "Landmarks" */;
			buildPhases = (
				ACB3640D2C0B89B800E7335C /* Sources */,
				ACB3640E2C0B89B800E7335C /* Frameworks */,
				ACB3640F2C0B89B800E7335C /* Resources */,
			);
			buildRules = (
			);
			dependencies = (
			);
			name = Landmarks;
			productName = Landmarks;
			productReference = ACB364112C0B89B800E7335C /* Landmarks.app */;
			productType = "com.apple.product-type.application";
		};
/* End PBXNativeTarget section */

/* Begin PBXProject section */
		ACB364092C0B89B800E7335C /* Project object */ = {
			isa = PBXProject;
			attributes = {
				BuildIndependentTargetsInParallel = 1;
				LastSwiftUpdateCheck = 1540;
				LastUpgradeCheck = 1540;
				TargetAttributes = {
					ACB364102C0B89B800E7335C = {
						CreatedOnToolsVersion = 15.4;
					};
				};
			};
			buildConfigurationList = ACB3640C2C0B89B800E7335C /* Build configuration list for PBXProject "Landmarks" */;
			compatibilityVersion = "Xcode 14.0";
			developmentRegion = en;
			hasScannedForEncodings = 0;
			knownRegions = (
				en,
				Base,
			);
			mainGroup = ACB364082C0B89B800E7335C;
			productRefGroup = ACB364122C0B89B800E7335C /* Products */;
			projectDirPath = "";
			projectRoot = "";
			targets = (
				ACB364102C0B89B800E7335C /* Landmarks */,
			);
		};
/* End PBXProject section */

/* Begin PBXResourcesBuildPhase section */
		ACB3640F2C0B89B800E7335C /* Resources */ = {
			isa = PBXResourcesBuildPhase;
			buildActionMask = 2147483647;
			files = (
				ACBD7F7A2C0CB1B300FFE40A /* hikeData.json in Resources */,
				ACB3641C2C0B89BA00E7335C /* Preview Assets.xcassets in Resources */,
				ACB364192C0B89BA00E7335C /* Assets.xcassets in Resources */,
				ACB364452C0B95EA00E7335C /* landmarkData.json in Resources */,
			);
			runOnlyForDeploymentPostprocessing = 0;
		};
/* End PBXResourcesBuildPhase section */

/* Begin PBXSourcesBuildPhase section */
		ACB3640D2C0B89B800E7335C /* Sources */ = {
			isa = PBXSourcesBuildPhase;
			buildActionMask = 2147483647;
			files = (
				AC770EE42C0CEEAA007297FE /* CategoryRow.swift in Sources */,
				AC770EE82C0CF553007297FE /* Profile.swift in Sources */,
				ACB364172C0B89B800E7335C /* ContentView.swift in Sources */,
				AC770EE12C0CEB94007297FE /* CategoryHome.swift in Sources */,
				ACBD7F772C0C90EC00FFE40A /* Badge.swift in Sources */,
				ACB364432C0B91FD00E7335C /* MapView.swift in Sources */,
				ACBD7F822C0CB2F300FFE40A /* GraphCapsule.swift in Sources */,
				ACBD7F842C0CB2F300FFE40A /* HikeGraph.swift in Sources */,
				ACB364152C0B89B800E7335C /* LandmarksApp.swift in Sources */,
				ACB364562C0BB10F00E7335C /* FavoriteButton.swift in Sources */,
				AC770EE62C0CF0B2007297FE /* CategoryItem.swift in Sources */,
				ACBD7F6F2C0C7FE400FFE40A /* HexagonParameters.swift in Sources */,
				ACBD7F7C2C0CB1E100FFE40A /* Hike.swift in Sources */,
				ACBD7F752C0C901200FFE40A /* RotatedBadgeSymbol.swift in Sources */,
				ACBD7F732C0C8F0C00FFE40A /* BadgeSymbol.swift in Sources */,
				ACB364522C0B9E5B00E7335C /* LandmarkList.swift in Sources */,
				ACBD7F832C0CB2F300FFE40A /* HikeDetail.swift in Sources */,
				ACBD7F852C0CB2F300FFE40A /* HikeView.swift in Sources */,
				ACB364542C0B9FDA00E7335C /* LandmarkDetail.swift in Sources */,
				ACBD7F712C0C812700FFE40A /* BadgeBackground.swift in Sources */,
				ACB364412C0B90B200E7335C /* CircleImage.swift in Sources */,
				ACB364492C0B965600E7335C /* Landmark.swift in Sources */,
				ACB364502C0B9C4700E7335C /* LandmarkRow.swift in Sources */,
				ACB3644B2C0B988A00E7335C /* ModelData.swift in Sources */,
			);
			runOnlyForDeploymentPostprocessing = 0;
		};
/* End PBXSourcesBuildPhase section */

/* Begin XCBuildConfiguration section */
		ACB364332C0B89BA00E7335C /* Debug */ = {
			isa = XCBuildConfiguration;
			buildSettings = {
				ALWAYS_SEARCH_USER_PATHS = NO;
				ASSETCATALOG_COMPILER_GENERATE_SWIFT_ASSET_SYMBOL_EXTENSIONS = YES;
				CLANG_ANALYZER_NONNULL = YES;
				CLANG_ANALYZER_NUMBER_OBJECT_CONVERSION = YES_AGGRESSIVE;
				CLANG_CXX_LANGUAGE_STANDARD = "gnu++20";
				CLANG_ENABLE_MODULES = YES;
				CLANG_ENABLE_OBJC_ARC = YES;
				CLANG_ENABLE_OBJC_WEAK = YES;
				CLANG_WARN_BLOCK_CAPTURE_AUTORELEASING = YES;
				CLANG_WARN_BOOL_CONVERSION = YES;
				CLANG_WARN_COMMA = YES;
				CLANG_WARN_CONSTANT_CONVERSION = YES;
				CLANG_WARN_DEPRECATED_OBJC_IMPLEMENTATIONS = YES;
				CLANG_WARN_DIRECT_OBJC_ISA_USAGE = YES_ERROR;
				CLANG_WARN_DOCUMENTATION_COMMENTS = YES;
				CLANG_WARN_EMPTY_BODY = YES;
				CLANG_WARN_ENUM_CONVERSION = YES;
				CLANG_WARN_INFINITE_RECURSION = YES;
				CLANG_WARN_INT_CONVERSION = YES;
				CLANG_WARN_NON_LITERAL_NULL_CONVERSION = YES;
				CLANG_WARN_OBJC_IMPLICIT_RETAIN_SELF = YES;
				CLANG_WARN_OBJC_LITERAL_CONVERSION = YES;
				CLANG_WARN_OBJC_ROOT_CLASS = YES_ERROR;
				CLANG_WARN_QUOTED_INCLUDE_IN_FRAMEWORK_HEADER = YES;
				CLANG_WARN_RANGE_LOOP_ANALYSIS = YES;
				CLANG_WARN_STRICT_PROTOTYPES = YES;
				CLANG_WARN_SUSPICIOUS_MOVE = YES;
				CLANG_WARN_UNGUARDED_AVAILABILITY = YES_AGGRESSIVE;
				CLANG_WARN_UNREACHABLE_CODE = YES;
				CLANG_WARN__DUPLICATE_METHOD_MATCH = YES;
				COPY_PHASE_STRIP = NO;
				DEBUG_INFORMATION_FORMAT = dwarf;
				ENABLE_STRICT_OBJC_MSGSEND = YES;
				ENABLE_TESTABILITY = YES;
				ENABLE_USER_SCRIPT_SANDBOXING = YES;
				GCC_C_LANGUAGE_STANDARD = gnu17;
				GCC_DYNAMIC_NO_PIC = NO;
				GCC_NO_COMMON_BLOCKS = YES;
				GCC_OPTIMIZATION_LEVEL = 0;
				GCC_PREPROCESSOR_DEFINITIONS = (
					"DEBUG=1",
					"$(inherited)",
				);
				GCC_WARN_64_TO_32_BIT_CONVERSION = YES;
				GCC_WARN_ABOUT_RETURN_TYPE = YES_ERROR;
				GCC_WARN_UNDECLARED_SELECTOR = YES;
				GCC_WARN_UNINITIALIZED_AUTOS = YES_AGGRESSIVE;
				GCC_WARN_UNUSED_FUNCTION = YES;
				GCC_WARN_UNUSED_VARIABLE = YES;
				IPHONEOS_DEPLOYMENT_TARGET = 17.5;
				LOCALIZATION_PREFERS_STRING_CATALOGS = YES;
				MTL_ENABLE_DEBUG_INFO = INCLUDE_SOURCE;
				MTL_FAST_MATH = YES;
				ONLY_ACTIVE_ARCH = YES;
				SDKROOT = iphoneos;
				SWIFT_ACTIVE_COMPILATION_CONDITIONS = "DEBUG $(inherited)";
				SWIFT_OPTIMIZATION_LEVEL = "-Onone";
			};
			name = Debug;
		};
		ACB364342C0B89BA00E7335C /* Release */ = {
			isa = XCBuildConfiguration;
			buildSettings = {
				ALWAYS_SEARCH_USER_PATHS = NO;
				ASSETCATALOG_COMPILER_GENERATE_SWIFT_ASSET_SYMBOL_EXTENSIONS = YES;
				CLANG_ANALYZER_NONNULL = YES;
				CLANG_ANALYZER_NUMBER_OBJECT_CONVERSION = YES_AGGRESSIVE;
				CLANG_CXX_LANGUAGE_STANDARD = "gnu++20";
				CLANG_ENABLE_MODULES = YES;
				CLANG_ENABLE_OBJC_ARC = YES;
				CLANG_ENABLE_OBJC_WEAK = YES;
				CLANG_WARN_BLOCK_CAPTURE_AUTORELEASING = YES;
				CLANG_WARN_BOOL_CONVERSION = YES;
				CLANG_WARN_COMMA = YES;
				CLANG_WARN_CONSTANT_CONVERSION = YES;
				CLANG_WARN_DEPRECATED_OBJC_IMPLEMENTATIONS = YES;
				CLANG_WARN_DIRECT_OBJC_ISA_USAGE = YES_ERROR;
				CLANG_WARN_DOCUMENTATION_COMMENTS = YES;
				CLANG_WARN_EMPTY_BODY = YES;
				CLANG_WARN_ENUM_CONVERSION = YES;
				CLANG_WARN_INFINITE_RECURSION = YES;
				CLANG_WARN_INT_CONVERSION = YES;
				CLANG_WARN_NON_LITERAL_NULL_CONVERSION = YES;
				CLANG_WARN_OBJC_IMPLICIT_RETAIN_SELF = YES;
				CLANG_WARN_OBJC_LITERAL_CONVERSION = YES;
				CLANG_WARN_OBJC_ROOT_CLASS = YES_ERROR;
				CLANG_WARN_QUOTED_INCLUDE_IN_FRAMEWORK_HEADER = YES;
				CLANG_WARN_RANGE_LOOP_ANALYSIS = YES;
				CLANG_WARN_STRICT_PROTOTYPES = YES;
				CLANG_WARN_SUSPICIOUS_MOVE = YES;
				CLANG_WARN_UNGUARDED_AVAILABILITY = YES_AGGRESSIVE;
				CLANG_WARN_UNREACHABLE_CODE = YES;
				CLANG_WARN__DUPLICATE_METHOD_MATCH = YES;
				COPY_PHASE_STRIP = NO;
				DEBUG_INFORMATION_FORMAT = "dwarf-with-dsym";
				ENABLE_NS_ASSERTIONS = NO;
				ENABLE_STRICT_OBJC_MSGSEND = YES;
				ENABLE_USER_SCRIPT_SANDBOXING = YES;
				GCC_C_LANGUAGE_STANDARD = gnu17;
				GCC_NO_COMMON_BLOCKS = YES;
				GCC_WARN_64_TO_32_BIT_CONVERSION = YES;
				GCC_WARN_ABOUT_RETURN_TYPE = YES_ERROR;
				GCC_WARN_UNDECLARED_SELECTOR = YES;
				GCC_WARN_UNINITIALIZED_AUTOS = YES_AGGRESSIVE;
				GCC_WARN_UNUSED_FUNCTION = YES;
				GCC_WARN_UNUSED_VARIABLE = YES;
				IPHONEOS_DEPLOYMENT_TARGET = 17.5;
				LOCALIZATION_PREFERS_STRING_CATALOGS = YES;
				MTL_ENABLE_DEBUG_INFO = NO;
				MTL_FAST_MATH = YES;
				SDKROOT = iphoneos;
				SWIFT_COMPILATION_MODE = wholemodule;
				VALIDATE_PRODUCT = YES;
			};
			name = Release;
		};
		ACB364362C0B89BA00E7335C /* Debug */ = {
			isa = XCBuildConfiguration;
			buildSettings = {
				ASSETCATALOG_COMPILER_APPICON_NAME = AppIcon;
				ASSETCATALOG_COMPILER_GLOBAL_ACCENT_COLOR_NAME = AccentColor;
				CODE_SIGN_STYLE = Automatic;
				CURRENT_PROJECT_VERSION = 1;
				DEVELOPMENT_ASSET_PATHS = "\"Landmarks/Preview Content\"";
				DEVELOPMENT_TEAM = J8YA4QZ6A5;
				ENABLE_PREVIEWS = YES;
				GENERATE_INFOPLIST_FILE = YES;
				INFOPLIST_KEY_UIApplicationSceneManifest_Generation = YES;
				INFOPLIST_KEY_UIApplicationSupportsIndirectInputEvents = YES;
				INFOPLIST_KEY_UILaunchScreen_Generation = YES;
				INFOPLIST_KEY_UISupportedInterfaceOrientations_iPad = "UIInterfaceOrientationPortrait UIInterfaceOrientationPortraitUpsideDown UIInterfaceOrientationLandscapeLeft UIInterfaceOrientationLandscapeRight";
				INFOPLIST_KEY_UISupportedInterfaceOrientations_iPhone = "UIInterfaceOrientationPortrait UIInterfaceOrientationLandscapeLeft UIInterfaceOrientationLandscapeRight";
				LD_RUNPATH_SEARCH_PATHS = (
					"$(inherited)",
					"@executable_path/Frameworks",
				);
				MARKETING_VERSION = 1.0;
				PRODUCT_BUNDLE_IDENTIFIER = schmitzsven.Landmarks;
				PRODUCT_NAME = "$(TARGET_NAME)";
				SWIFT_EMIT_LOC_STRINGS = YES;
				SWIFT_VERSION = 5.0;
				TARGETED_DEVICE_FAMILY = 1;
			};
			name = Debug;
		};
		ACB364372C0B89BA00E7335C /* Release */ = {
			isa = XCBuildConfiguration;
			buildSettings = {
				ASSETCATALOG_COMPILER_APPICON_NAME = AppIcon;
				ASSETCATALOG_COMPILER_GLOBAL_ACCENT_COLOR_NAME = AccentColor;
				CODE_SIGN_STYLE = Automatic;
				CURRENT_PROJECT_VERSION = 1;
				DEVELOPMENT_ASSET_PATHS = "\"Landmarks/Preview Content\"";
				DEVELOPMENT_TEAM = J8YA4QZ6A5;
				ENABLE_PREVIEWS = YES;
				GENERATE_INFOPLIST_FILE = YES;
				INFOPLIST_KEY_UIApplicationSceneManifest_Generation = YES;
				INFOPLIST_KEY_UIApplicationSupportsIndirectInputEvents = YES;
				INFOPLIST_KEY_UILaunchScreen_Generation = YES;
				INFOPLIST_KEY_UISupportedInterfaceOrientations_iPad = "UIInterfaceOrientationPortrait UIInterfaceOrientationPortraitUpsideDown UIInterfaceOrientationLandscapeLeft UIInterfaceOrientationLandscapeRight";
				INFOPLIST_KEY_UISupportedInterfaceOrientations_iPhone = "UIInterfaceOrientationPortrait UIInterfaceOrientationLandscapeLeft UIInterfaceOrientationLandscapeRight";
				LD_RUNPATH_SEARCH_PATHS = (
					"$(inherited)",
					"@executable_path/Frameworks",
				);
				MARKETING_VERSION = 1.0;
				PRODUCT_BUNDLE_IDENTIFIER = schmitzsven.Landmarks;
				PRODUCT_NAME = "$(TARGET_NAME)";
				SWIFT_EMIT_LOC_STRINGS = YES;
				SWIFT_VERSION = 5.0;
				TARGETED_DEVICE_FAMILY = 1;
			};
			name = Release;
		};
/* End XCBuildConfiguration section */

/* Begin XCConfigurationList section */
		ACB3640C2C0B89B800E7335C /* Build configuration list for PBXProject "Landmarks" */ = {
			isa = XCConfigurationList;
			buildConfigurations = (
				ACB364332C0B89BA00E7335C /* Debug */,
				ACB364342C0B89BA00E7335C /* Release */,
			);
			defaultConfigurationIsVisible = 0;
			defaultConfigurationName = Release;
		};
		ACB364352C0B89BA00E7335C /* Build configuration list for PBXNativeTarget "Landmarks" */ = {
			isa = XCConfigurationList;
			buildConfigurations = (
				ACB364362C0B89BA00E7335C /* Debug */,
				ACB364372C0B89BA00E7335C /* Release */,
			);
			defaultConfigurationIsVisible = 0;
			defaultConfigurationName = Release;
		};
/* End XCConfigurationList section */
	};
	rootObject = ACB364092C0B89B800E7335C /* Project object */;
}
